
Microsoft Visual Studio Solution File, Format Version 12.00
Project("{FAE04EC0-301F-11D3-BF4B-00C04F79EFBC}") = "FluentMigrator.Repl", "FluentMigrator.Repl\FluentMigrator.Repl.csproj", "{487B46A5-208E-4FB7-8605-0AED9EC5C523}"
EndProject
Global
	GlobalSection(SolutionConfigurationPlatforms) = preSolution
		Debug|Any CPU = Debug|Any CPU
		Release|Any CPU = Release|Any CPU
	EndGlobalSection
	GlobalSection(ProjectConfigurationPlatforms) = postSolution
		{487B46A5-208E-4FB7-8605-0AED9EC5C523}.Debug|Any CPU.ActiveCfg = Debug|Any CPU
		{487B46A5-208E-4FB7-8605-0AED9EC5C523}.Debug|Any CPU.Build.0 = Debug|Any CPU
		{487B46A5-208E-4FB7-8605-0AED9EC5C523}.Release|Any CPU.ActiveCfg = Release|Any CPU
		{487B46A5-208E-4FB7-8605-0AED9EC5C523}.Release|Any CPU.Build.0 = Release|Any CPU
	EndGlobalSection
EndGlobal
